<?xml version="1.0" encoding="UTF-8" standalone="yes" ?>
<CodeBlocks_project_file>
	<FileVersion major="1" minor="6" />
	<Project>
		<Option title="Maverick Model 3D" />
		<Option pch_mode="2" />
		<Option compiler="gcc" />
		<Build>
			<Target title="Debug">
				<Option output="bin/Debug/Maverick Model 3D" prefix_auto="1" extension_auto="1" />
				<Option object_output="obj/Debug/" />
				<Option type="1" />
				<Option compiler="gcc" />
				<Compiler>
					<Add option="-g" />
				</Compiler>
			</Target>
			<Target title="Release">
				<Option output="bin/Release/Maverick Model 3D" prefix_auto="1" extension_auto="1" />
				<Option object_output="obj/Release/" />
				<Option type="1" />
				<Option compiler="gcc" />
				<Compiler>
					<Add option="-O2" />
				</Compiler>
				<Linker>
					<Add option="-s" />
				</Linker>
			</Target>
		</Build>
		<Compiler>
			<Add option="-Wall" />
		</Compiler>
		<Unit filename="src/3dm.cc" />
		<Unit filename="src/commands/aligncmd.cc" />
		<Unit filename="src/commands/aligncmd.h" />
		<Unit filename="src/commands/assignjointcmd.cc" />
		<Unit filename="src/commands/assignjointcmd.h" />
		<Unit filename="src/commands/backgroundcmd.cc" />
		<Unit filename="src/commands/backgroundcmd.h" />
		<Unit filename="src/commands/capcmd.cc" />
		<Unit filename="src/commands/capcmd.h" />
		<Unit filename="src/commands/copycmd.cc" />
		<Unit filename="src/commands/copycmd.h" />
		<Unit filename="src/commands/deletecmd.cc" />
		<Unit filename="src/commands/deletecmd.h" />
		<Unit filename="src/commands/dupcmd.cc" />
		<Unit filename="src/commands/dupcmd.h" />
		<Unit filename="src/commands/edgedivcmd.cc" />
		<Unit filename="src/commands/edgedivcmd.h" />
		<Unit filename="src/commands/edgeturncmd.cc" />
		<Unit filename="src/commands/edgeturncmd.h" />
		<Unit filename="src/commands/extrudecmd.cc" />
		<Unit filename="src/commands/extrudecmd.h" />
		<Unit filename="src/commands/faceoutcmd.cc" />
		<Unit filename="src/commands/faceoutcmd.h" />
		<Unit filename="src/commands/flattencmd.cc" />
		<Unit filename="src/commands/flattencmd.h" />
		<Unit filename="src/commands/flipcmd.cc" />
		<Unit filename="src/commands/flipcmd.h" />
		<Unit filename="src/commands/hidecmd.cc" />
		<Unit filename="src/commands/hidecmd.h" />
		<Unit filename="src/commands/invertcmd.cc" />
		<Unit filename="src/commands/invertcmd.h" />
		<Unit filename="src/commands/invnormalcmd.cc" />
		<Unit filename="src/commands/invnormalcmd.h" />
		<Unit filename="src/commands/jointcmd.cc" />
		<Unit filename="src/commands/jointcmd.h" />
		<Unit filename="src/commands/makefacecmd.cc" />
		<Unit filename="src/commands/makefacecmd.h" />
		<Unit filename="src/commands/pastecmd.cc" />
		<Unit filename="src/commands/pastecmd.h" />
		<Unit filename="src/commands/pointcmd.cc" />
		<Unit filename="src/commands/pointcmd.h" />
		<Unit filename="src/commands/rotatetexcmd.cc" />
		<Unit filename="src/commands/rotatetexcmd.h" />
		<Unit filename="src/commands/selectfreecmd.cc" />
		<Unit filename="src/commands/selectfreecmd.h" />
		<Unit filename="src/commands/simplifycmd.cc" />
		<Unit filename="src/commands/simplifycmd.h" />
		<Unit filename="src/commands/snapcmd.cc" />
		<Unit filename="src/commands/snapcmd.h" />
		<Unit filename="src/commands/spherifycmd.cc" />
		<Unit filename="src/commands/spherifycmd.h" />
		<Unit filename="src/commands/subdividecmd.cc" />
		<Unit filename="src/commands/subdividecmd.h" />
		<Unit filename="src/commands/unweldcmd.cc" />
		<Unit filename="src/commands/unweldcmd.h" />
		<Unit filename="src/commands/weldcmd.cc" />
		<Unit filename="src/commands/weldcmd.h" />
		<Unit filename="src/depui/errorobj.cc" />
		<Unit filename="src/depui/errorobj.h" />
		<Unit filename="src/depui/modelviewport.cc" />
		<Unit filename="src/depui/modelviewport.h" />
		<Unit filename="src/depui/textureframe.cc" />
		<Unit filename="src/depui/textureframe.h" />
		<Unit filename="src/depui/texwidget.cc" />
		<Unit filename="src/depui/texwidget.h" />
		<Unit filename="src/icon.rc" />
		<Unit filename="src/implui/aboutwin.cc" />
		<Unit filename="src/implui/aboutwin.h" />
		<Unit filename="src/implui/alignwin.cc" />
		<Unit filename="src/implui/alignwin.h" />
		<Unit filename="src/implui/animconvertwin.cc" />
		<Unit filename="src/implui/animconvertwin.h" />
		<Unit filename="src/implui/animexportwin.cc" />
		<Unit filename="src/implui/animexportwin.h" />
		<Unit filename="src/implui/animsetwin.cc" />
		<Unit filename="src/implui/animsetwin.h" />
		<Unit filename="src/implui/animwidget.cc" />
		<Unit filename="src/implui/animwidget.h" />
		<Unit filename="src/implui/animwin.cc" />
		<Unit filename="src/implui/animwin.h" />
		<Unit filename="src/implui/autoassignjointwin.cc" />
		<Unit filename="src/implui/autoassignjointwin.h" />
		<Unit filename="src/implui/backgroundselect.cc" />
		<Unit filename="src/implui/backgroundselect.h" />
		<Unit filename="src/implui/backgroundwin.cc" />
		<Unit filename="src/implui/backgroundwin.h" />
		<Unit filename="src/implui/boolpanel.cc" />
		<Unit filename="src/implui/boolpanel.h" />
		<Unit filename="src/implui/boolwin.cc" />
		<Unit filename="src/implui/boolwin.h" />
		<Unit filename="src/implui/cal3dprompt.cc" />
		<Unit filename="src/implui/cal3dprompt.h" />
		<Unit filename="src/implui/contextgroup.cc" />
		<Unit filename="src/implui/contextgroup.h" />
		<Unit filename="src/implui/contextinfluences.cc" />
		<Unit filename="src/implui/contextinfluences.h" />
		<Unit filename="src/implui/contextname.cc" />
		<Unit filename="src/implui/contextname.h" />
		<Unit filename="src/implui/contextpanel.cc" />
		<Unit filename="src/implui/contextpanel.h" />
		<Unit filename="src/implui/contextposition.cc" />
		<Unit filename="src/implui/contextposition.h" />
		<Unit filename="src/implui/contextprojection.cc" />
		<Unit filename="src/implui/contextprojection.h" />
		<Unit filename="src/implui/contextrotation.cc" />
		<Unit filename="src/implui/contextrotation.h" />
		<Unit filename="src/implui/extrudewin.cc" />
		<Unit filename="src/implui/extrudewin.h" />
		<Unit filename="src/implui/groupclean.cc" />
		<Unit filename="src/implui/groupclean.h" />
		<Unit filename="src/implui/groupwin.cc" />
		<Unit filename="src/implui/groupwin.h" />
		<Unit filename="src/implui/helpwin.cc" />
		<Unit filename="src/implui/helpwin.h" />
		<Unit filename="src/implui/jointwin.cc" />
		<Unit filename="src/implui/jointwin.h" />
		<Unit filename="src/implui/keycfg.cc" />
		<Unit filename="src/implui/keycfg.h" />
		<Unit filename="src/implui/keyvaluewin.cc" />
		<Unit filename="src/implui/keyvaluewin.h" />
		<Unit filename="src/implui/licensewin.cc" />
		<Unit filename="src/implui/licensewin.h" />
		<Unit filename="src/implui/mapdirection.cc" />
		<Unit filename="src/implui/mapdirection.h" />
		<Unit filename="src/implui/mergewin.cc" />
		<Unit filename="src/implui/mergewin.h" />
		<Unit filename="src/implui/metawin.cc" />
		<Unit filename="src/implui/metawin.h" />
		<Unit filename="src/implui/ms3dprompt.cc" />
		<Unit filename="src/implui/ms3dprompt.h" />
		<Unit filename="src/implui/msgqt.cc" />
		<Unit filename="src/implui/msgqt.h" />
		<Unit filename="src/implui/mview.cc" />
		<Unit filename="src/implui/mview.h" />
		<Unit filename="src/implui/newanim.cc" />
		<Unit filename="src/implui/newanim.h" />
		<Unit filename="src/implui/objprompt.cc" />
		<Unit filename="src/implui/objprompt.h" />
		<Unit filename="src/implui/painttexturewin.cc" />
		<Unit filename="src/implui/painttexturewin.h" />
		<Unit filename="src/implui/paintwidget.cc" />
		<Unit filename="src/implui/paintwidget.h" />
		<Unit filename="src/implui/pluginwin.cc" />
		<Unit filename="src/implui/pluginwin.h" />
		<Unit filename="src/implui/pointwin.cc" />
		<Unit filename="src/implui/pointwin.h" />
		<Unit filename="src/implui/projectionwin.cc" />
		<Unit filename="src/implui/projectionwin.h" />
		<Unit filename="src/implui/qtmain.cc" />
		<Unit filename="src/implui/qtmain.h" />
		<Unit filename="src/implui/qttex.cc" />
		<Unit filename="src/implui/qttex.h" />
		<Unit filename="src/implui/rgbawin.cc" />
		<Unit filename="src/implui/rgbawin.h" />
		<Unit filename="src/implui/spherifywin.cc" />
		<Unit filename="src/implui/spherifywin.h" />
		<Unit filename="src/implui/statusbar.cc" />
		<Unit filename="src/implui/statusbar.h" />
		<Unit filename="src/implui/texturecoord.cc" />
		<Unit filename="src/implui/texturecoord.h" />
		<Unit filename="src/implui/texwin.cc" />
		<Unit filename="src/implui/texwin.h" />
		<Unit filename="src/implui/transformwin.cc" />
		<Unit filename="src/implui/transformwin.h" />
		<Unit filename="src/implui/transimp.cc" />
		<Unit filename="src/implui/transimp.h" />
		<Unit filename="src/implui/valuewin.cc" />
		<Unit filename="src/implui/valuewin.h" />
		<Unit filename="src/implui/viewpanel.cc" />
		<Unit filename="src/implui/viewpanel.h" />
		<Unit filename="src/implui/viewportsettings.cc" />
		<Unit filename="src/implui/viewportsettings.h" />
		<Unit filename="src/implui/viewwin.cc" />
		<Unit filename="src/implui/viewwin.h" />
		<Unit filename="src/implui/viewwin_influences.cc" />
		<Unit filename="src/libmm3d/binutil.h" />
		<Unit filename="src/libmm3d/bsptree.cc" />
		<Unit filename="src/libmm3d/bsptree.h" />
		<Unit filename="src/libmm3d/cal3dfilter.cc" />
		<Unit filename="src/libmm3d/cal3dfilter.h" />
		<Unit filename="src/libmm3d/cmdlinemgr.cc" />
		<Unit filename="src/libmm3d/cmdlinemgr.h" />
		<Unit filename="src/libmm3d/cobfilter.cc" />
		<Unit filename="src/libmm3d/cobfilter.h" />
		<Unit filename="src/libmm3d/datadest.cc" />
		<Unit filename="src/libmm3d/datadest.h" />
		<Unit filename="src/libmm3d/datasource.cc" />
		<Unit filename="src/libmm3d/datasource.h" />
		<Unit filename="src/libmm3d/drawcontext.h" />
		<Unit filename="src/libmm3d/dxffilter.cc" />
		<Unit filename="src/libmm3d/dxffilter.h" />
		<Unit filename="src/libmm3d/endianconfig.h" />
		<Unit filename="src/libmm3d/file_closer.h" />
		<Unit filename="src/libmm3d/filedatadest.cc" />
		<Unit filename="src/libmm3d/filedatadest.h" />
		<Unit filename="src/libmm3d/filedatasource.cc" />
		<Unit filename="src/libmm3d/filedatasource.h" />
		<Unit filename="src/libmm3d/filefactory.cc" />
		<Unit filename="src/libmm3d/filefactory.h" />
		<Unit filename="src/libmm3d/filtermgr.cc" />
		<Unit filename="src/libmm3d/filtermgr.h" />
		<Unit filename="src/libmm3d/glheaders.h" />
		<Unit filename="src/libmm3d/glmath.cc" />
		<Unit filename="src/libmm3d/glmath.h" />
		<Unit filename="src/libmm3d/local_array.h" />
		<Unit filename="src/libmm3d/local_ptr.h" />
		<Unit filename="src/libmm3d/log.cc" />
		<Unit filename="src/libmm3d/log.h" />
		<Unit filename="src/libmm3d/lwofilter.cc" />
		<Unit filename="src/libmm3d/lwofilter.h" />
		<Unit filename="src/libmm3d/md2filter-anorms.h" />
		<Unit filename="src/libmm3d/md2filter.cc" />
		<Unit filename="src/libmm3d/md2filter.h" />
		<Unit filename="src/libmm3d/md3filter.cc" />
		<Unit filename="src/libmm3d/md3filter.h" />
		<Unit filename="src/libmm3d/memdatadest.cc" />
		<Unit filename="src/libmm3d/memdatadest.h" />
		<Unit filename="src/libmm3d/memdatasource.cc" />
		<Unit filename="src/libmm3d/memdatasource.h" />
		<Unit filename="src/libmm3d/mesh.cc" />
		<Unit filename="src/libmm3d/mesh.h" />
		<Unit filename="src/libmm3d/misc.cc" />
		<Unit filename="src/libmm3d/misc.h" />
		<Unit filename="src/libmm3d/mlocale.cc" />
		<Unit filename="src/libmm3d/mlocale.h" />
		<Unit filename="src/libmm3d/mm3dconfig.h" />
		<Unit filename="src/libmm3d/mm3dfilter.cc" />
		<Unit filename="src/libmm3d/mm3dfilter.h" />
		<Unit filename="src/libmm3d/mm3dfilter_ref.cc" />
		<Unit filename="src/libmm3d/mm3dfilter_ref.h" />
		<Unit filename="src/libmm3d/mm3dport.cc" />
		<Unit filename="src/libmm3d/mm3dport.h" />
		<Unit filename="src/libmm3d/mm3dreg.cc" />
		<Unit filename="src/libmm3d/mm3dreg.h" />
		<Unit filename="src/libmm3d/mm3dtypes.h" />
		<Unit filename="src/libmm3d/model.cc" />
		<Unit filename="src/libmm3d/model.h" />
		<Unit filename="src/libmm3d/model_anim.cc" />
		<Unit filename="src/libmm3d/model_bool.cc" />
		<Unit filename="src/libmm3d/model_copy.cc" />
		<Unit filename="src/libmm3d/model_draw.cc" />
		<Unit filename="src/libmm3d/model_group.cc" />
		<Unit filename="src/libmm3d/model_influence.cc" />
		<Unit filename="src/libmm3d/model_inner.cc" />
		<Unit filename="src/libmm3d/model_insert.cc" />
		<Unit filename="src/libmm3d/model_meta.cc" />
		<Unit filename="src/libmm3d/model_ops.cc" />
		<Unit filename="src/libmm3d/model_print.cc" />
		<Unit filename="src/libmm3d/model_proj.cc" />
		<Unit filename="src/libmm3d/model_select.cc" />
		<Unit filename="src/libmm3d/model_texture.cc" />
		<Unit filename="src/libmm3d/modelfilter.cc" />
		<Unit filename="src/libmm3d/modelfilter.h" />
		<Unit filename="src/libmm3d/modelstatus.cc" />
		<Unit filename="src/libmm3d/modelstatus.h" />
		<Unit filename="src/libmm3d/modelundo.cc" />
		<Unit filename="src/libmm3d/modelundo.h" />
		<Unit filename="src/libmm3d/modelutil.cc" />
		<Unit filename="src/libmm3d/modelutil.h" />
		<Unit filename="src/libmm3d/ms3dfilter.cc" />
		<Unit filename="src/libmm3d/ms3dfilter.h" />
		<Unit filename="src/libmm3d/msg.cc" />
		<Unit filename="src/libmm3d/msg.h" />
		<Unit filename="src/libmm3d/objfilter.cc" />
		<Unit filename="src/libmm3d/objfilter.h" />
		<Unit filename="src/libmm3d/pcxtex.cc" />
		<Unit filename="src/libmm3d/pcxtex.h" />
		<Unit filename="src/libmm3d/raii.h" />
		<Unit filename="src/libmm3d/rawtex.cc" />
		<Unit filename="src/libmm3d/rawtex.h" />
		<Unit filename="src/libmm3d/release_ptr.h" />
		<Unit filename="src/libmm3d/sorted_list.h" />
		<Unit filename="src/libmm3d/texmgr.cc" />
		<Unit filename="src/libmm3d/texmgr.h" />
		<Unit filename="src/libmm3d/texscale.cc" />
		<Unit filename="src/libmm3d/texscale.h" />
		<Unit filename="src/libmm3d/texture.cc" />
		<Unit filename="src/libmm3d/texture.h" />
		<Unit filename="src/libmm3d/tgatex.cc" />
		<Unit filename="src/libmm3d/tgatex.h" />
		<Unit filename="src/libmm3d/translate.cc" />
		<Unit filename="src/libmm3d/translate.h" />
		<Unit filename="src/libmm3d/triprim.cc" />
		<Unit filename="src/libmm3d/triprim.h" />
		<Unit filename="src/libmm3d/txtfilter.cc" />
		<Unit filename="src/libmm3d/txtfilter.h" />
		<Unit filename="src/libmm3d/undo.cc" />
		<Unit filename="src/libmm3d/undo.h" />
		<Unit filename="src/libmm3d/undomgr.cc" />
		<Unit filename="src/libmm3d/undomgr.h" />
		<Unit filename="src/libmm3d/util.h" />
		<Unit filename="src/libmm3d/weld.cc" />
		<Unit filename="src/libmm3d/weld.h" />
		<Unit filename="src/mm3dcore/3dmprefs.cc" />
		<Unit filename="src/mm3dcore/3dmprefs.h" />
		<Unit filename="src/mm3dcore/align.cc" />
		<Unit filename="src/mm3dcore/align.h" />
		<Unit filename="src/mm3dcore/allocstats.cc" />
		<Unit filename="src/mm3dcore/allocstats.h" />
		<Unit filename="src/mm3dcore/bounding.cc" />
		<Unit filename="src/mm3dcore/bounding.h" />
		<Unit filename="src/mm3dcore/cmdline.cc" />
		<Unit filename="src/mm3dcore/cmdline.h" />
		<Unit filename="src/mm3dcore/cmdmgr.cc" />
		<Unit filename="src/mm3dcore/cmdmgr.h" />
		<Unit filename="src/mm3dcore/command.cc" />
		<Unit filename="src/mm3dcore/command.h" />
		<Unit filename="src/mm3dcore/contextpanelobserver.cc" />
		<Unit filename="src/mm3dcore/contextpanelobserver.h" />
		<Unit filename="src/mm3dcore/contextwidget.cc" />
		<Unit filename="src/mm3dcore/contextwidget.h" />
		<Unit filename="src/mm3dcore/decal.cc" />
		<Unit filename="src/mm3dcore/decal.h" />
		<Unit filename="src/mm3dcore/decalmgr.cc" />
		<Unit filename="src/mm3dcore/decalmgr.h" />
		<Unit filename="src/mm3dcore/luaif.cc" />
		<Unit filename="src/mm3dcore/luaif.h" />
		<Unit filename="src/mm3dcore/luascript.cc" />
		<Unit filename="src/mm3dcore/luascript.h" />
		<Unit filename="src/mm3dcore/menuconf.h" />
		<Unit filename="src/mm3dcore/pluginapi.h" />
		<Unit filename="src/mm3dcore/pluginmgr.cc" />
		<Unit filename="src/mm3dcore/pluginmgr.h" />
		<Unit filename="src/mm3dcore/prefparse.cc" />
		<Unit filename="src/mm3dcore/prefparse.h" />
		<Unit filename="src/mm3dcore/prefs.cc" />
		<Unit filename="src/mm3dcore/prefs.h" />
		<Unit filename="src/mm3dcore/rotatepoint.cc" />
		<Unit filename="src/mm3dcore/rotatepoint.h" />
		<Unit filename="src/mm3dcore/scriptif.cc" />
		<Unit filename="src/mm3dcore/scriptif.h" />
		<Unit filename="src/mm3dcore/suborigin.h" />
		<Unit filename="src/mm3dcore/sysconf.cc" />
		<Unit filename="src/mm3dcore/sysconf.h" />
		<Unit filename="src/mm3dcore/texturetest.cc" />
		<Unit filename="src/mm3dcore/texturetest.h" />
		<Unit filename="src/mm3dcore/tool.cc" />
		<Unit filename="src/mm3dcore/tool.h" />
		<Unit filename="src/mm3dcore/toolbox.cc" />
		<Unit filename="src/mm3dcore/toolbox.h" />
		<Unit filename="src/mm3dcore/toolpoly.cc" />
		<Unit filename="src/mm3dcore/toolpoly.h" />
		<Unit filename="src/mm3dcore/version.h" />
		<Unit filename="src/stdcmds.cc" />
		<Unit filename="src/stdcmds.h" />
		<Unit filename="src/stdfilters.cc" />
		<Unit filename="src/stdfilters.h" />
		<Unit filename="src/stdtexfilters.cc" />
		<Unit filename="src/stdtexfilters.h" />
		<Unit filename="src/stdtools.cc" />
		<Unit filename="src/stdtools.h" />
		<Unit filename="src/tests/common/test_common.cc" />
		<Unit filename="src/tests/common/test_common.h" />
		<Unit filename="src/tests/common/testfilefactory.cc" />
		<Unit filename="src/tests/common/testfilefactory.h" />
		<Unit filename="src/tests/libmm3d/big_endian_test.cc" />
		<Unit filename="src/tests/libmm3d/cmdlinemgr_test.cc" />
		<Unit filename="src/tests/libmm3d/datadest_test.cc" />
		<Unit filename="src/tests/libmm3d/datasource_test.cc" />
		<Unit filename="src/tests/libmm3d/filedatasource_test.cc" />
		<Unit filename="src/tests/libmm3d/filter_cal3d_test.cc" />
		<Unit filename="src/tests/libmm3d/filter_cob_test.cc" />
		<Unit filename="src/tests/libmm3d/filter_dxf_test.cc" />
		<Unit filename="src/tests/libmm3d/filter_md2_test.cc" />
		<Unit filename="src/tests/libmm3d/filter_md3_test.cc" />
		<Unit filename="src/tests/libmm3d/filter_mm3d_test.cc" />
		<Unit filename="src/tests/libmm3d/filter_ms3d_test.cc" />
		<Unit filename="src/tests/libmm3d/filter_obj_test.cc" />
		<Unit filename="src/tests/libmm3d/filtermgr_test.cc" />
		<Unit filename="src/tests/libmm3d/glmath_test.cc" />
		<Unit filename="src/tests/libmm3d/intfile.cc" />
		<Unit filename="src/tests/libmm3d/little_endian_test.cc" />
		<Unit filename="src/tests/libmm3d/memutil_test.cc" />
		<Unit filename="src/tests/libmm3d/misc_test.cc" />
		<Unit filename="src/tests/libmm3d/model_add_test.cc" />
		<Unit filename="src/tests/libmm3d/model_anim_test.cc" />
		<Unit filename="src/tests/libmm3d/model_equal_test.cc" />
		<Unit filename="src/tests/libmm3d/model_equiv_test.cc" />
		<Unit filename="src/tests/libmm3d/model_group_test.cc" />
		<Unit filename="src/tests/libmm3d/model_init_test.cc" />
		<Unit filename="src/tests/libmm3d/model_joint_test.cc" />
		<Unit filename="src/tests/libmm3d/model_material_test.cc" />
		<Unit filename="src/tests/libmm3d/model_select_test.cc" />
		<Unit filename="src/tests/libmm3d/model_test.cc" />
		<Unit filename="src/tests/libmm3d/model_triangle_test.cc" />
		<Unit filename="src/tests/libmm3d/model_vertex_test.cc" />
		<Unit filename="src/tests/libmm3d/model_weld_test.cc" />
		<Unit filename="src/tests/libmm3d/msg_test.cc" />
		<Unit filename="src/tests/libmm3d/new_mm3d_test.cc" />
		<Unit filename="src/tests/libmm3d/texcompare_test.cc" />
		<Unit filename="src/tests/libmm3d/texscale_test.cc" />
		<Unit filename="src/tests/libmm3d/translation_test.cc" />
		<Unit filename="src/tests/libmm3d/undomgr_test.cc" />
		<Unit filename="src/tests/libmm3d/util_test.cc" />
		<Unit filename="src/tests/profile/calc_fnormals.cc" />
		<Unit filename="src/tests/profile/calc_normals.cc" />
		<Unit filename="src/tests/profile/group_triangles.cc" />
		<Unit filename="src/tests/profile/load_md3.cc" />
		<Unit filename="src/tools/atrfartool.cc" />
		<Unit filename="src/tools/atrfartool.h" />
		<Unit filename="src/tools/atrneartool.cc" />
		<Unit filename="src/tools/atrneartool.h" />
		<Unit filename="src/tools/bgmovetool.cc" />
		<Unit filename="src/tools/bgmovetool.h" />
		<Unit filename="src/tools/bgscaletool.cc" />
		<Unit filename="src/tools/bgscaletool.h" />
		<Unit filename="src/tools/cubetool.cc" />
		<Unit filename="src/tools/cubetool.h" />
		<Unit filename="src/tools/cubetoolwidget.cc" />
		<Unit filename="src/tools/cubetoolwidget.h" />
		<Unit filename="src/tools/cylindertool.cc" />
		<Unit filename="src/tools/cylindertool.h" />
		<Unit filename="src/tools/cylindertoolwidget.cc" />
		<Unit filename="src/tools/cylindertoolwidget.h" />
		<Unit filename="src/tools/dragvertextool.cc" />
		<Unit filename="src/tools/dragvertextool.h" />
		<Unit filename="src/tools/ellipsetool.cc" />
		<Unit filename="src/tools/ellipsetool.h" />
		<Unit filename="src/tools/ellipsetoolwidget.cc" />
		<Unit filename="src/tools/ellipsetoolwidget.h" />
		<Unit filename="src/tools/extrudetool.cc" />
		<Unit filename="src/tools/extrudetool.h" />
		<Unit filename="src/tools/jointtool.cc" />
		<Unit filename="src/tools/jointtool.h" />
		<Unit filename="src/tools/movetool.cc" />
		<Unit filename="src/tools/movetool.h" />
		<Unit filename="src/tools/pointtool.cc" />
		<Unit filename="src/tools/pointtool.h" />
		<Unit filename="src/tools/polytool.cc" />
		<Unit filename="src/tools/polytool.h" />
		<Unit filename="src/tools/polytoolwidget.cc" />
		<Unit filename="src/tools/polytoolwidget.h" />
		<Unit filename="src/tools/projtool.cc" />
		<Unit filename="src/tools/projtool.h" />
		<Unit filename="src/tools/projtoolwidget.cc" />
		<Unit filename="src/tools/projtoolwidget.h" />
		<Unit filename="src/tools/rectangletool.cc" />
		<Unit filename="src/tools/rectangletool.h" />
		<Unit filename="src/tools/rotatetool.cc" />
		<Unit filename="src/tools/rotatetool.h" />
		<Unit filename="src/tools/rotatetoolwidget.cc" />
		<Unit filename="src/tools/rotatetoolwidget.h" />
		<Unit filename="src/tools/scaletool.cc" />
		<Unit filename="src/tools/scaletool.h" />
		<Unit filename="src/tools/scaletoolwidget.cc" />
		<Unit filename="src/tools/scaletoolwidget.h" />
		<Unit filename="src/tools/selectbonetool.cc" />
		<Unit filename="src/tools/selectbonetool.h" />
		<Unit filename="src/tools/selectconnectedtool.cc" />
		<Unit filename="src/tools/selectconnectedtool.h" />
		<Unit filename="src/tools/selectfacetool.cc" />
		<Unit filename="src/tools/selectfacetool.h" />
		<Unit filename="src/tools/selectfacetoolwidget.cc" />
		<Unit filename="src/tools/selectfacetoolwidget.h" />
		<Unit filename="src/tools/selectgrouptool.cc" />
		<Unit filename="src/tools/selectgrouptool.h" />
		<Unit filename="src/tools/selectpointtool.cc" />
		<Unit filename="src/tools/selectpointtool.h" />
		<Unit filename="src/tools/selectprojtool.cc" />
		<Unit filename="src/tools/selectprojtool.h" />
		<Unit filename="src/tools/selectvertextool.cc" />
		<Unit filename="src/tools/selectvertextool.h" />
		<Unit filename="src/tools/sheartool.cc" />
		<Unit filename="src/tools/sheartool.h" />
		<Unit filename="src/tools/toolwidget.cc" />
		<Unit filename="src/tools/toolwidget.h" />
		<Unit filename="src/tools/torustool.cc" />
		<Unit filename="src/tools/torustool.h" />
		<Unit filename="src/tools/torustoolwidget.cc" />
		<Unit filename="src/tools/torustoolwidget.h" />
		<Unit filename="src/tools/vertextool.cc" />
		<Unit filename="src/tools/vertextool.h" />
		<Extensions>
			<code_completion />
			<debugger />
		</Extensions>
	</Project>
</CodeBlocks_project_file>
